
Microsoft Visual Studio Solution File, Format Version 12.00
# Visual Studio Version 17
VisualStudioVersion = 17.3.32811.315
MinimumVisualStudioVersion = 10.0.40219.1
Project("{F184B08F-C81C-45F6-A57F-5ABD9991F28F}") = "DriveWorksPRGExtender", "DriveWorksPRGExtender.vbproj", "{4EB0819F-BC46-42C4-A65E-024C740E478B}"
EndProject
Global
	GlobalSection(SolutionConfigurationPlatforms) = preSolution
		Debug|Any CPU = Debug|Any CPU
		Release|Any CPU = Release|Any CPU
	EndGlobalSection
	GlobalSection(ProjectConfigurationPlatforms) = postSolution
		{4EB0819F-BC46-42C4-A65E-024C740E478B}.Debug|Any CPU.ActiveCfg = Debug|Any CPU
		{4EB0819F-BC46-42C4-A65E-024C740E478B}.Debug|Any CPU.Build.0 = Debug|Any CPU
		{4EB0819F-BC46-42C4-A65E-024C740E478B}.Release|Any CPU.ActiveCfg = Release|Any CPU
		{4EB0819F-BC46-42C4-A65E-024C740E478B}.Release|Any CPU.Build.0 = Release|Any CPU
	EndGlobalSection
	GlobalSection(SolutionProperties) = preSolution
		HideSolutionNode = FALSE
	EndGlobalSection
	GlobalSection(ExtensibilityGlobals) = postSolution
		SolutionGuid = {94FCB084-B8C3-43B7-991B-250A5909570A}
	EndGlobalSection
EndGlobal
